
Microsoft Visual Studio Solution File, Format Version 12.00
# Visual Studio Version 16
VisualStudioVersion = 16.0.30320.27
MinimumVisualStudioVersion = 10.0.40219.1
Project("{FAE04EC0-301F-11D3-BF4B-00C04F79EFBC}") = "SalesWebMvc", "SalesWebMvc\SalesWebMvc.csproj", "{B3D99CED-9305-401D-91C7-0C84862C96A1}"
EndProject
Global
	GlobalSection(SolutionConfigurationPlatforms) = preSolution
		Debug|Any CPU = Debug|Any CPU
		Release|Any CPU = Release|Any CPU
	EndGlobalSection
	GlobalSection(ProjectConfigurationPlatforms) = postSolution
		{B3D99CED-9305-401D-91C7-0C84862C96A1}.Debug|Any CPU.ActiveCfg = Debug|Any CPU
		{B3D99CED-9305-401D-91C7-0C84862C96A1}.Debug|Any CPU.Build.0 = Debug|Any CPU
		{B3D99CED-9305-401D-91C7-0C84862C96A1}.Release|Any CPU.ActiveCfg = Release|Any CPU
		{B3D99CED-9305-401D-91C7-0C84862C96A1}.Release|Any CPU.Build.0 = Release|Any CPU
	EndGlobalSection
	GlobalSection(SolutionProperties) = preSolution
		HideSolutionNode = FALSE
	EndGlobalSection
	GlobalSection(ExtensibilityGlobals) = postSolution
		SolutionGuid = {4263AE0B-6C44-43CA-AA99-F3AAD3FE9C3C}
	EndGlobalSection
EndGlobal
